
Microsoft Visual Studio Solution File, Format Version 12.00
# Visual Studio Version 16
VisualStudioVersion = 16.0.33927.289
MinimumVisualStudioVersion = 10.0.40219.1
Project("{2150E333-8FDC-42A3-9474-1A3956D46DE8}") = "Review", "Review", "{F03ED0AC-DE09-4DB8-93E4-5931BA49727B}"
EndProject
Project("{FAE04EC0-301F-11D3-BF4B-00C04F79EFBC}") = "Tyuiu.BorisovaDS.Sprint3.Review.V15", "Tyuiu.BorisovaDS.Sprint3.Review.V15\Tyuiu.BorisovaDS.Sprint3.Review.V15.csproj", "{F7A2BE84-751E-4F0D-8102-DDEE3B6A8159}"
EndProject
Project("{FAE04EC0-301F-11D3-BF4B-00C04F79EFBC}") = "Tyuiu.BorisovaDS.Sprint3.Review.V15.Lib", "Tyuiu.BorisovaDS.Sprint3.Review.V15.Lib\Tyuiu.BorisovaDS.Sprint3.Review.V15.Lib.csproj", "{C755CE47-53EE-4735-BEFE-DC51088AB1FA}"
EndProject
Project("{FAE04EC0-301F-11D3-BF4B-00C04F79EFBC}") = "Tyuiu.BorisovaDS.Sprint3.Review.V15.Test", "Tyuiu.BorisovaDS.Sprint3.Review.V15.Test\Tyuiu.BorisovaDS.Sprint3.Review.V15.Test.csproj", "{3C5973D7-C1DF-4FED-836C-9986E8FBA75C}"
EndProject
Global
	GlobalSection(SolutionConfigurationPlatforms) = preSolution
		Debug|Any CPU = Debug|Any CPU
		Release|Any CPU = Release|Any CPU
	EndGlobalSection
	GlobalSection(ProjectConfigurationPlatforms) = postSolution
		{F7A2BE84-751E-4F0D-8102-DDEE3B6A8159}.Debug|Any CPU.ActiveCfg = Debug|Any CPU
		{F7A2BE84-751E-4F0D-8102-DDEE3B6A8159}.Debug|Any CPU.Build.0 = Debug|Any CPU
		{F7A2BE84-751E-4F0D-8102-DDEE3B6A8159}.Release|Any CPU.ActiveCfg = Release|Any CPU
		{F7A2BE84-751E-4F0D-8102-DDEE3B6A8159}.Release|Any CPU.Build.0 = Release|Any CPU
		{C755CE47-53EE-4735-BEFE-DC51088AB1FA}.Debug|Any CPU.ActiveCfg = Debug|Any CPU
		{C755CE47-53EE-4735-BEFE-DC51088AB1FA}.Debug|Any CPU.Build.0 = Debug|Any CPU
		{C755CE47-53EE-4735-BEFE-DC51088AB1FA}.Release|Any CPU.ActiveCfg = Release|Any CPU
		{C755CE47-53EE-4735-BEFE-DC51088AB1FA}.Release|Any CPU.Build.0 = Release|Any CPU
		{3C5973D7-C1DF-4FED-836C-9986E8FBA75C}.Debug|Any CPU.ActiveCfg = Debug|Any CPU
		{3C5973D7-C1DF-4FED-836C-9986E8FBA75C}.Debug|Any CPU.Build.0 = Debug|Any CPU
		{3C5973D7-C1DF-4FED-836C-9986E8FBA75C}.Release|Any CPU.ActiveCfg = Release|Any CPU
		{3C5973D7-C1DF-4FED-836C-9986E8FBA75C}.Release|Any CPU.Build.0 = Release|Any CPU
	EndGlobalSection
	GlobalSection(SolutionProperties) = preSolution
		HideSolutionNode = FALSE
	EndGlobalSection
	GlobalSection(NestedProjects) = preSolution
		{F7A2BE84-751E-4F0D-8102-DDEE3B6A8159} = {F03ED0AC-DE09-4DB8-93E4-5931BA49727B}
		{C755CE47-53EE-4735-BEFE-DC51088AB1FA} = {F03ED0AC-DE09-4DB8-93E4-5931BA49727B}
		{3C5973D7-C1DF-4FED-836C-9986E8FBA75C} = {F03ED0AC-DE09-4DB8-93E4-5931BA49727B}
	EndGlobalSection
	GlobalSection(ExtensibilityGlobals) = postSolution
		SolutionGuid = {F71A64DB-BC0D-4435-83A5-07E19088E6EB}
	EndGlobalSection
EndGlobal
